
Microsoft Visual Studio Solution File, Format Version 12.00
# Visual Studio Version 16
VisualStudioVersion = 16.0.30907.101
MinimumVisualStudioVersion = 10.0.40219.1
Project("{FAE04EC0-301F-11D3-BF4B-00C04F79EFBC}") = "HelloWorld", "HelloWorld\HelloWorld.csproj", "{3314C3DE-FE12-49BE-B336-563DC54447B5}"
EndProject
Global
	GlobalSection(SolutionConfigurationPlatforms) = preSolution
		Debug|Any CPU = Debug|Any CPU
		Release|Any CPU = Release|Any CPU
	EndGlobalSection
	GlobalSection(ProjectConfigurationPlatforms) = postSolution
		{3314C3DE-FE12-49BE-B336-563DC54447B5}.Debug|Any CPU.ActiveCfg = Debug|Any CPU
		{3314C3DE-FE12-49BE-B336-563DC54447B5}.Debug|Any CPU.Build.0 = Debug|Any CPU
		{3314C3DE-FE12-49BE-B336-563DC54447B5}.Release|Any CPU.ActiveCfg = Release|Any CPU
		{3314C3DE-FE12-49BE-B336-563DC54447B5}.Release|Any CPU.Build.0 = Release|Any CPU
	EndGlobalSection
	GlobalSection(SolutionProperties) = preSolution
		HideSolutionNode = FALSE
	EndGlobalSection
	GlobalSection(ExtensibilityGlobals) = postSolution
		SolutionGuid = {1ACD9494-9091-444E-B862-D63850084524}
	EndGlobalSection
EndGlobal
